{
	"name": "lsp-sample-server",
	"version": "1.0.0",
	"lockfileVersion": 1,
	"requires": true,
	"dependencies": {
		"@types/node": {
			"version": "10.5.0",
			"resolved": "https://registry.npmjs.org/@types/node/-/node-10.5.0.tgz",
			"integrity": "sha512-baXPuqA7EVcBUpA5so2K26DTzk7NCWBc9xrPMu9PbUMwgusJRm9zJBPhiDmJVEcnTQ3aOxUZeuFHpd9qMYDNRg=="
		},
		"@types/node-int64": {
			"version": "0.4.29",
			"resolved": "https://registry.npmjs.org/@types/node-int64/-/node-int64-0.4.29.tgz",
			"integrity": "sha512-rHXvenLTj/CcsmNAebaBOhxQ2MqEGl3yXZZcZ21XYR+gzGTTcpOy2N4IxpvTCz48loyQNatHvfn6GhIbbZ1R3Q==",
			"requires": {
				"@types/node": "*"
			}
		},
		"node-int64": {
			"version": "0.4.0",
			"resolved": "https://registry.npmjs.org/node-int64/-/node-int64-0.4.0.tgz",
			"integrity": "sha1-h6kGXNs1XTGC2PlM4RGIuCXGijs="
		},
		"rxjs": {
			"version": "6.2.2",
			"resolved": "https://registry.npmjs.org/rxjs/-/rxjs-6.2.2.tgz",
			"integrity": "sha512-0MI8+mkKAXZUF9vMrEoPnaoHkfzBPP4IGwUYRJhIRJF6/w3uByO1e91bEHn8zd43RdkTMKiooYKmwz7RH6zfOQ==",
			"requires": {
				"tslib": "^1.9.0"
			}
		},
		"tslib": {
			"version": "1.9.3",
			"resolved": "https://registry.npmjs.org/tslib/-/tslib-1.9.3.tgz",
			"integrity": "sha512-4krF8scpejhaOgqzBEcGM7yDIEfi0/8+8zDRZhNZZ2kjmHJ4hv3zCbQWxoJGz1iw5U0Jl0nma13xzHXcncMavQ=="
		},
		"vscode-jsonrpc": {
			"version": "3.6.2",
			"resolved": "https://registry.npmjs.org/vscode-jsonrpc/-/vscode-jsonrpc-3.6.2.tgz",
			"integrity": "sha512-T24Jb5V48e4VgYliUXMnZ379ItbrXgOimweKaJshD84z+8q7ZOZjJan0MeDe+Ugb+uqERDVV8SBmemaGMSMugA=="
		},
		"vscode-languageserver": {
			"version": "4.1.3",
			"resolved": "https://registry.npmjs.org/vscode-languageserver/-/vscode-languageserver-4.1.3.tgz",
			"integrity": "sha512-D6p3q9x8QPtPLRUO5d2UKizjFYfg8zLVJqKoMpAaom8Wuhl1oKRCjeLg+Cp4mgPeCwR71wbgX2BM/jL51ni/0g==",
			"requires": {
				"vscode-languageserver-protocol": "^3.7.2",
				"vscode-uri": "^1.0.1"
			}
		},
		"vscode-languageserver-protocol": {
			"version": "3.7.2",
			"resolved": "https://registry.npmjs.org/vscode-languageserver-protocol/-/vscode-languageserver-protocol-3.7.2.tgz",
			"integrity": "sha512-VVJwIA/FPl/FnVtrns0FPK6TLi/ET7n1Yo6tCrm6aG7+yAVwIGWdpTmKE+nbP8wEMMbHCkIabk63IJvfz2HNRg==",
			"requires": {
				"vscode-jsonrpc": "^3.6.2",
				"vscode-languageserver-types": "^3.7.2"
			}
		},
		"vscode-languageserver-types": {
			"version": "3.7.2",
			"resolved": "https://registry.npmjs.org/vscode-languageserver-types/-/vscode-languageserver-types-3.7.2.tgz",
			"integrity": "sha512-L9D2RA+PDS2CiyhLQY5ZrOmyRvXyjc4Ha8s9PqS6mIgGxj00R5Xx2vLKBnAOVfrawJXYZST+2hioMks6SQVU7A=="
		},
		"vscode-uri": {
			"version": "1.0.3",
			"resolved": "https://registry.npmjs.org/vscode-uri/-/vscode-uri-1.0.3.tgz",
			"integrity": "sha1-Yxvb9xbcyrDmUpGo3CXCMjIIWlI="
		}
	}
}
